
Microsoft Visual Studio Solution File, Format Version 12.00
# Visual Studio Version 17
VisualStudioVersion = 17.5.002.0
MinimumVisualStudioVersion = 10.0.40219.1
Project("{9A19103F-16F7-4668-BE54-9A1E7A4F7556}") = "Finance.DataAccess", "Finance.DataAccess\Finance.DataAccess.csproj", "{DCC2E64A-688F-417E-9816-D744F7469873}"
EndProject
Project("{9A19103F-16F7-4668-BE54-9A1E7A4F7556}") = "FinanceWeb", "FinanceWeb\FinanceWeb.csproj", "{7306C2D3-3C06-45D3-967F-BBD7D54FE30D}"
EndProject
Global
	GlobalSection(SolutionConfigurationPlatforms) = preSolution
		Debug|Any CPU = Debug|Any CPU
		Release|Any CPU = Release|Any CPU
	EndGlobalSection
	GlobalSection(ProjectConfigurationPlatforms) = postSolution
		{DCC2E64A-688F-417E-9816-D744F7469873}.Debug|Any CPU.ActiveCfg = Debug|Any CPU
		{DCC2E64A-688F-417E-9816-D744F7469873}.Debug|Any CPU.Build.0 = Debug|Any CPU
		{DCC2E64A-688F-417E-9816-D744F7469873}.Release|Any CPU.ActiveCfg = Release|Any CPU
		{DCC2E64A-688F-417E-9816-D744F7469873}.Release|Any CPU.Build.0 = Release|Any CPU
		{7306C2D3-3C06-45D3-967F-BBD7D54FE30D}.Debug|Any CPU.ActiveCfg = Debug|Any CPU
		{7306C2D3-3C06-45D3-967F-BBD7D54FE30D}.Debug|Any CPU.Build.0 = Debug|Any CPU
		{7306C2D3-3C06-45D3-967F-BBD7D54FE30D}.Release|Any CPU.ActiveCfg = Release|Any CPU
		{7306C2D3-3C06-45D3-967F-BBD7D54FE30D}.Release|Any CPU.Build.0 = Release|Any CPU
	EndGlobalSection
	GlobalSection(SolutionProperties) = preSolution
		HideSolutionNode = FALSE
	EndGlobalSection
	GlobalSection(ExtensibilityGlobals) = postSolution
		SolutionGuid = {E6E356D0-DA6A-4E5E-8542-9E17252726A4}
	EndGlobalSection
EndGlobal
